{
  "nodes": {
    "flakever": {
      "locked": {
        "lastModified": 1763450705,
        "narHash": "sha256-TUSrRfT76OAXty9A4fXlOOfVfJGDglFQs06b8b+f5NY=",
        "owner": "numinit",
        "repo": "flakever",
        "rev": "a69629e4133fbcdf3c7aae477bd6687bb19e0778",
        "type": "github"
      },
      "original": {
        "owner": "numinit",
        "repo": "flakever",
        "type": "github"
      }
    },
    "nixpkgs": {
      "locked": {
        "lastModified": 1782964649,
        "narHash": "sha256-paHnImmEUFYVGqnKo0lSg8RomQmB5rFbuoGOyC2xyq8=",
        "owner": "NixOS",
        "repo": "nixpkgs",
        "rev": "cc403ce2b79eca563dc73fd201c362acdb369569",
        "type": "github"
      },
      "original": {
        "owner": "NixOS",
        "repo": "nixpkgs",
        "type": "github"
      }
    },
    "root": {
      "inputs": {
        "flakever": "flakever",
        "nixpkgs": "nixpkgs",
        "treefmt-nix": "treefmt-nix"
      }
    },
    "treefmt-nix": {
      "inputs": {
        "nixpkgs": [
          "nixpkgs"
        ]
      },
      "locked": {
        "lastModified": 1780220602,
        "narHash": "sha256-eynAfOmbmxJnkp7YewvCEbShNnnYJ9gLLqkzsYtBPeM=",
        "owner": "numtide",
        "repo": "treefmt-nix",
        "rev": "db947814a175b7ca6ded66e21383d938df01c227",
        "type": "github"
      },
      "original": {
        "owner": "numtide",
        "repo": "treefmt-nix",
        "type": "github"
      }
    }
  },
  "root": "root",
  "version": 7
}
